
Microsoft Visual Studio Solution File, Format Version 12.00
Project("{FAE04EC0-301F-11D3-BF4B-00C04F79EFBC}") = "hw1.net", "hw1.net\hw1.net.csproj", "{B38F7B33-10B6-432C-9D6A-6D39D8AADA52}"
EndProject
Global
	GlobalSection(SolutionConfigurationPlatforms) = preSolution
		Debug|Any CPU = Debug|Any CPU
		Release|Any CPU = Release|Any CPU
	EndGlobalSection
	GlobalSection(ProjectConfigurationPlatforms) = postSolution
		{B38F7B33-10B6-432C-9D6A-6D39D8AADA52}.Debug|Any CPU.ActiveCfg = Debug|Any CPU
		{B38F7B33-10B6-432C-9D6A-6D39D8AADA52}.Debug|Any CPU.Build.0 = Debug|Any CPU
		{B38F7B33-10B6-432C-9D6A-6D39D8AADA52}.Release|Any CPU.ActiveCfg = Release|Any CPU
		{B38F7B33-10B6-432C-9D6A-6D39D8AADA52}.Release|Any CPU.Build.0 = Release|Any CPU
	EndGlobalSection
EndGlobal
